
Microsoft Visual Studio Solution File, Format Version 12.00
# Visual Studio Version 16
VisualStudioVersion = 16.0.29728.190
MinimumVisualStudioVersion = 10.0.40219.1
Project("{9A19103F-16F7-4668-BE54-9A1E7A4F7556}") = "PuppeteerSharp.Contrib.Extensions", "src\PuppeteerSharp.Contrib.Extensions\PuppeteerSharp.Contrib.Extensions.csproj", "{452159CF-A71D-4405-8C4F-B5ED011D9F0E}"
EndProject
Project("{9A19103F-16F7-4668-BE54-9A1E7A4F7556}") = "PuppeteerSharp.Contrib.Should", "src\PuppeteerSharp.Contrib.Should\PuppeteerSharp.Contrib.Should.csproj", "{38662FAC-F369-4A38-8CA4-8182535E06AF}"
EndProject
Project("{9A19103F-16F7-4668-BE54-9A1E7A4F7556}") = "PuppeteerSharp.Contrib.Tests", "tests\PuppeteerSharp.Contrib.Tests\PuppeteerSharp.Contrib.Tests.csproj", "{ADE33EEE-E1F1-4C3C-AB9E-CE4023DF57B7}"
EndProject
Project("{2150E333-8FDC-42A3-9474-1A3956D46DE8}") = "samples", "samples", "{A41500E2-A20C-4532-909F-47A7ECD03D8B}"
EndProject
Project("{2150E333-8FDC-42A3-9474-1A3956D46DE8}") = "src", "src", "{768BB21B-525A-4D0F-BBA1-7C39BFDD6E44}"
EndProject
Project("{2150E333-8FDC-42A3-9474-1A3956D46DE8}") = "tests", "tests", "{A5904D6A-FD9D-4BCB-B9B1-C4BF5D2A4105}"
EndProject
Project("{9A19103F-16F7-4668-BE54-9A1E7A4F7556}") = "PuppeteerSharp.Contrib.Sample.Xunit", "samples\PuppeteerSharp.Contrib.Sample.Xunit\PuppeteerSharp.Contrib.Sample.Xunit.csproj", "{BD3A2B62-E18C-445B-8592-7422656EAB62}"
EndProject
Project("{9A19103F-16F7-4668-BE54-9A1E7A4F7556}") = "PuppeteerSharp.Contrib.Sample.NUnit", "samples\PuppeteerSharp.Contrib.Sample.NUnit\PuppeteerSharp.Contrib.Sample.NUnit.csproj", "{FAD49C0D-FEB1-4DD6-9A50-006C25600143}"
EndProject
Project("{9A19103F-16F7-4668-BE54-9A1E7A4F7556}") = "PuppeteerSharp.Contrib.Sample.Machine.Specifications", "samples\PuppeteerSharp.Contrib.Sample.Machine.Specifications\PuppeteerSharp.Contrib.Sample.Machine.Specifications.csproj", "{AB0B12B5-5DFC-4EFD-A09E-CDC94F6E0DCC}"
EndProject
Project("{9A19103F-16F7-4668-BE54-9A1E7A4F7556}") = "PuppeteerSharp.Contrib.Sample.SpecFlow", "samples\PuppeteerSharp.Contrib.Sample.SpecFlow\PuppeteerSharp.Contrib.Sample.SpecFlow.csproj", "{AFC9E7BC-EBF1-4F83-869E-015F6229CECD}"
EndProject
Project("{FAE04EC0-301F-11D3-BF4B-00C04F79EFBC}") = "PuppeteerSharp.Contrib.PageObjects", "src\PuppeteerSharp.Contrib.PageObjects\PuppeteerSharp.Contrib.PageObjects.csproj", "{C6119D5E-9A8C-484A-A624-DA5A658F0AF6}"
EndProject
Global
	GlobalSection(SolutionConfigurationPlatforms) = preSolution
		Debug|Any CPU = Debug|Any CPU
		Release|Any CPU = Release|Any CPU
	EndGlobalSection
	GlobalSection(ProjectConfigurationPlatforms) = postSolution
		{452159CF-A71D-4405-8C4F-B5ED011D9F0E}.Debug|Any CPU.ActiveCfg = Debug|Any CPU
		{452159CF-A71D-4405-8C4F-B5ED011D9F0E}.Debug|Any CPU.Build.0 = Debug|Any CPU
		{452159CF-A71D-4405-8C4F-B5ED011D9F0E}.Release|Any CPU.ActiveCfg = Release|Any CPU
		{452159CF-A71D-4405-8C4F-B5ED011D9F0E}.Release|Any CPU.Build.0 = Release|Any CPU
		{38662FAC-F369-4A38-8CA4-8182535E06AF}.Debug|Any CPU.ActiveCfg = Debug|Any CPU
		{38662FAC-F369-4A38-8CA4-8182535E06AF}.Debug|Any CPU.Build.0 = Debug|Any CPU
		{38662FAC-F369-4A38-8CA4-8182535E06AF}.Release|Any CPU.ActiveCfg = Release|Any CPU
		{38662FAC-F369-4A38-8CA4-8182535E06AF}.Release|Any CPU.Build.0 = Release|Any CPU
		{ADE33EEE-E1F1-4C3C-AB9E-CE4023DF57B7}.Debug|Any CPU.ActiveCfg = Debug|Any CPU
		{ADE33EEE-E1F1-4C3C-AB9E-CE4023DF57B7}.Debug|Any CPU.Build.0 = Debug|Any CPU
		{ADE33EEE-E1F1-4C3C-AB9E-CE4023DF57B7}.Release|Any CPU.ActiveCfg = Release|Any CPU
		{ADE33EEE-E1F1-4C3C-AB9E-CE4023DF57B7}.Release|Any CPU.Build.0 = Release|Any CPU
		{BD3A2B62-E18C-445B-8592-7422656EAB62}.Debug|Any CPU.ActiveCfg = Debug|Any CPU
		{BD3A2B62-E18C-445B-8592-7422656EAB62}.Debug|Any CPU.Build.0 = Debug|Any CPU
		{BD3A2B62-E18C-445B-8592-7422656EAB62}.Release|Any CPU.ActiveCfg = Release|Any CPU
		{BD3A2B62-E18C-445B-8592-7422656EAB62}.Release|Any CPU.Build.0 = Release|Any CPU
		{FAD49C0D-FEB1-4DD6-9A50-006C25600143}.Debug|Any CPU.ActiveCfg = Debug|Any CPU
		{FAD49C0D-FEB1-4DD6-9A50-006C25600143}.Debug|Any CPU.Build.0 = Debug|Any CPU
		{FAD49C0D-FEB1-4DD6-9A50-006C25600143}.Release|Any CPU.ActiveCfg = Release|Any CPU
		{FAD49C0D-FEB1-4DD6-9A50-006C25600143}.Release|Any CPU.Build.0 = Release|Any CPU
		{AB0B12B5-5DFC-4EFD-A09E-CDC94F6E0DCC}.Debug|Any CPU.ActiveCfg = Debug|Any CPU
		{AB0B12B5-5DFC-4EFD-A09E-CDC94F6E0DCC}.Debug|Any CPU.Build.0 = Debug|Any CPU
		{AB0B12B5-5DFC-4EFD-A09E-CDC94F6E0DCC}.Release|Any CPU.ActiveCfg = Release|Any CPU
		{AB0B12B5-5DFC-4EFD-A09E-CDC94F6E0DCC}.Release|Any CPU.Build.0 = Release|Any CPU
		{AFC9E7BC-EBF1-4F83-869E-015F6229CECD}.Debug|Any CPU.ActiveCfg = Debug|Any CPU
		{AFC9E7BC-EBF1-4F83-869E-015F6229CECD}.Debug|Any CPU.Build.0 = Debug|Any CPU
		{AFC9E7BC-EBF1-4F83-869E-015F6229CECD}.Release|Any CPU.ActiveCfg = Release|Any CPU
		{AFC9E7BC-EBF1-4F83-869E-015F6229CECD}.Release|Any CPU.Build.0 = Release|Any CPU
		{C6119D5E-9A8C-484A-A624-DA5A658F0AF6}.Debug|Any CPU.ActiveCfg = Debug|Any CPU
		{C6119D5E-9A8C-484A-A624-DA5A658F0AF6}.Debug|Any CPU.Build.0 = Debug|Any CPU
		{C6119D5E-9A8C-484A-A624-DA5A658F0AF6}.Release|Any CPU.ActiveCfg = Release|Any CPU
		{C6119D5E-9A8C-484A-A624-DA5A658F0AF6}.Release|Any CPU.Build.0 = Release|Any CPU
	EndGlobalSection
	GlobalSection(SolutionProperties) = preSolution
		HideSolutionNode = FALSE
	EndGlobalSection
	GlobalSection(NestedProjects) = preSolution
		{452159CF-A71D-4405-8C4F-B5ED011D9F0E} = {768BB21B-525A-4D0F-BBA1-7C39BFDD6E44}
		{38662FAC-F369-4A38-8CA4-8182535E06AF} = {768BB21B-525A-4D0F-BBA1-7C39BFDD6E44}
		{ADE33EEE-E1F1-4C3C-AB9E-CE4023DF57B7} = {A5904D6A-FD9D-4BCB-B9B1-C4BF5D2A4105}
		{BD3A2B62-E18C-445B-8592-7422656EAB62} = {A41500E2-A20C-4532-909F-47A7ECD03D8B}
		{FAD49C0D-FEB1-4DD6-9A50-006C25600143} = {A41500E2-A20C-4532-909F-47A7ECD03D8B}
		{AB0B12B5-5DFC-4EFD-A09E-CDC94F6E0DCC} = {A41500E2-A20C-4532-909F-47A7ECD03D8B}
		{AFC9E7BC-EBF1-4F83-869E-015F6229CECD} = {A41500E2-A20C-4532-909F-47A7ECD03D8B}
		{C6119D5E-9A8C-484A-A624-DA5A658F0AF6} = {768BB21B-525A-4D0F-BBA1-7C39BFDD6E44}
	EndGlobalSection
	GlobalSection(ExtensibilityGlobals) = postSolution
		SolutionGuid = {11185329-90DF-450C-B1C9-14699DDEBE39}
	EndGlobalSection
EndGlobal
